
Microsoft Visual Studio Solution File, Format Version 12.00
# Visual Studio Version 17
VisualStudioVersion = 17.5.002.0
MinimumVisualStudioVersion = 10.0.40219.1
Project("{9A19103F-16F7-4668-BE54-9A1E7A4F7556}") = "screen-lookup-table", "screen-lookup-table.csproj", "{6914A09D-9303-4AED-8AC9-726FFC99C42A}"
EndProject
Global
	GlobalSection(SolutionConfigurationPlatforms) = preSolution
		Debug|Any CPU = Debug|Any CPU
		Release|Any CPU = Release|Any CPU
	EndGlobalSection
	GlobalSection(ProjectConfigurationPlatforms) = postSolution
		{6914A09D-9303-4AED-8AC9-726FFC99C42A}.Debug|Any CPU.ActiveCfg = Debug|Any CPU
		{6914A09D-9303-4AED-8AC9-726FFC99C42A}.Debug|Any CPU.Build.0 = Debug|Any CPU
		{6914A09D-9303-4AED-8AC9-726FFC99C42A}.Release|Any CPU.ActiveCfg = Release|Any CPU
		{6914A09D-9303-4AED-8AC9-726FFC99C42A}.Release|Any CPU.Build.0 = Release|Any CPU
	EndGlobalSection
	GlobalSection(SolutionProperties) = preSolution
		HideSolutionNode = FALSE
	EndGlobalSection
	GlobalSection(ExtensibilityGlobals) = postSolution
		SolutionGuid = {8D17BDEA-4DCD-4076-8CCD-9F77A048B7CA}
	EndGlobalSection
EndGlobal
